github.com/adityatelange/hugo-PaperMod v0.0.0-20201022151000-16213a37e5e6 h1:7Yp9DxNvhk4RLfg6+eHzY3U8aMn00LNutjZxdwba+Mk=
github.com/adityatelange/hugo-PaperMod v0.0.0-20201022151000-16213a37e5e6/go.mod h1:HCHxNMKYdGafUYjVV3ICiAqznZK2yH0iI53jqcDFDdQ=
github.com/yihui/hugo-xmin v0.0.0-20201016020520-4100270f6fe5 h1:Lfn6z15yfxX1bvD6gNtPFXa8rkkOXmw3S05Ed7NJ6cw=
github.com/yihui/hugo-xmin v0.0.0-20201016020520-4100270f6fe5/go.mod h1:RiCR4psTF4iydlh4bR9BijKIHmivp7IeBaokx0CvzRA=
